{
  "name": "authenticate-me",
  "version": "1.0.0",
  "lockfileVersion": 2,
  "requires": true,
  "packages": {
    "": {
      "name": "authenticate-me",
      "version": "1.0.0",
      "hasInstallScript": true,
      "license": "ISC",
      "dependencies": {
        "@fontsource/montserrat": "^4.5.13"
      }
    },
    "node_modules/@fontsource/montserrat": {
      "version": "4.5.13",
      "resolved": "https://registry.npmjs.org/@fontsource/montserrat/-/montserrat-4.5.13.tgz",
      "integrity": "sha512-/XlcNsMFjdWX4Away8Ax/4NgND8Ckk9gVDwgz1sfxF6h+gFHChLOV0IvPrUfCQjZ1F35igg+nR9bSxmjsYEskQ=="
    }
  },
  "dependencies": {
    "@fontsource/montserrat": {
      "version": "4.5.13",
      "resolved": "https://registry.npmjs.org/@fontsource/montserrat/-/montserrat-4.5.13.tgz",
      "integrity": "sha512-/XlcNsMFjdWX4Away8Ax/4NgND8Ckk9gVDwgz1sfxF6h+gFHChLOV0IvPrUfCQjZ1F35igg+nR9bSxmjsYEskQ=="
    }
  }
}
